
Microsoft Visual Studio Solution File, Format Version 12.00
# Visual Studio Version 17
VisualStudioVersion = 17.11.35312.102
MinimumVisualStudioVersion = 10.0.40219.1
Project("{FAE04EC0-301F-11D3-BF4B-00C04F79EFBC}") = "rdisGITHUB", "rdisGITHUB.csproj", "{76B0619D-AD21-4876-8449-416926092EBF}"
EndProject
Global
	GlobalSection(SolutionConfigurationPlatforms) = preSolution
		Debug|Any CPU = Debug|Any CPU
		Release|Any CPU = Release|Any CPU
	EndGlobalSection
	GlobalSection(ProjectConfigurationPlatforms) = postSolution
		{76B0619D-AD21-4876-8449-416926092EBF}.Debug|Any CPU.ActiveCfg = Debug|Any CPU
		{76B0619D-AD21-4876-8449-416926092EBF}.Debug|Any CPU.Build.0 = Debug|Any CPU
		{76B0619D-AD21-4876-8449-416926092EBF}.Release|Any CPU.ActiveCfg = Release|Any CPU
		{76B0619D-AD21-4876-8449-416926092EBF}.Release|Any CPU.Build.0 = Release|Any CPU
	EndGlobalSection
	GlobalSection(SolutionProperties) = preSolution
		HideSolutionNode = FALSE
	EndGlobalSection
	GlobalSection(ExtensibilityGlobals) = postSolution
		SolutionGuid = {EE866BCC-92E9-4CBB-B7C7-ABD462FE23C4}
	EndGlobalSection
EndGlobal
